// !$*UTF8*$!
{
	archiveVersion = 1;
	classes = {
	};
	objectVersion = 77;
	objects = {

/* Begin PBXBuildFile section */
		3122A1192DFCA4CC00E14FA4 /* UITestPlan.xctestplan in Resources */ = {isa = PBXBuildFile; fileRef = 3122A1182DFCA4CC00E14FA4 /* UITestPlan.xctestplan */; };
		31DF98712E1B05D7000A4926 /* ShopList-UnitTestPlan.xctestplan in Resources */ = {isa = PBXBuildFile; fileRef = 31DF98702E1B05D7000A4926 /* ShopList-UnitTestPlan.xctestplan */; };
/* End PBXBuildFile section */

/* Begin PBXContainerItemProxy section */
		3122A1222DFCA51500E14FA4 /* PBXContainerItemProxy */ = {
			isa = PBXContainerItemProxy;
			containerPortal = 3122A0DA2DFC9E4D00E14FA4 /* Project object */;
			proxyType = 1;
			remoteGlobalIDString = 3122A0E12DFC9E4D00E14FA4;
			remoteInfo = ShopList;
		};
		3122A1312DFCA52800E14FA4 /* PBXContainerItemProxy */ = {
			isa = PBXContainerItemProxy;
			containerPortal = 3122A0DA2DFC9E4D00E14FA4 /* Project object */;
			proxyType = 1;
			remoteGlobalIDString = 3122A0E12DFC9E4D00E14FA4;
			remoteInfo = ShopList;
		};
/* End PBXContainerItemProxy section */

/* Begin PBXFileReference section */
		3122A0E22DFC9E4E00E14FA4 /* ShopList.app */ = {isa = PBXFileReference; explicitFileType = wrapper.application; includeInIndex = 0; path = ShopList.app; sourceTree = BUILT_PRODUCTS_DIR; };
		3122A1182DFCA4CC00E14FA4 /* UITestPlan.xctestplan */ = {isa = PBXFileReference; lastKnownFileType = text; path = UITestPlan.xctestplan; sourceTree = "<group>"; };
		3122A11E2DFCA51500E14FA4 /* ShopListTests.xctest */ = {isa = PBXFileReference; explicitFileType = wrapper.cfbundle; includeInIndex = 0; path = ShopListTests.xctest; sourceTree = BUILT_PRODUCTS_DIR; };
		3122A12B2DFCA52800E14FA4 /* ShopListUITests.xctest */ = {isa = PBXFileReference; explicitFileType = wrapper.cfbundle; includeInIndex = 0; path = ShopListUITests.xctest; sourceTree = BUILT_PRODUCTS_DIR; };
		31DF98702E1B05D7000A4926 /* ShopList-UnitTestPlan.xctestplan */ = {isa = PBXFileReference; lastKnownFileType = text; path = "ShopList-UnitTestPlan.xctestplan"; sourceTree = "<group>"; };
/* End PBXFileReference section */

/* Begin PBXFileSystemSynchronizedRootGroup section */
		3122A0E42DFC9E4E00E14FA4 /* ShopList */ = {
			isa = PBXFileSystemSynchronizedRootGroup;
			path = ShopList;
			sourceTree = "<group>";
		};
		3122A11F2DFCA51500E14FA4 /* ShopListTests */ = {
			isa = PBXFileSystemSynchronizedRootGroup;
			path = ShopListTests;
			sourceTree = "<group>";
		};
		3122A12C2DFCA52800E14FA4 /* ShopListUITests */ = {
			isa = PBXFileSystemSynchronizedRootGroup;
			path = ShopListUITests;
			sourceTree = "<group>";
		};
/* End PBXFileSystemSynchronizedRootGroup section */

/* Begin PBXFrameworksBuildPhase section */
		3122A0DF2DFC9E4D00E14FA4 /* Frameworks */ = {
			isa = PBXFrameworksBuildPhase;
			buildActionMask = 2147483647;
			files = (
			);
			runOnlyForDeploymentPostprocessing = 0;
		};
		3122A11B2DFCA51500E14FA4 /* Frameworks */ = {
			isa = PBXFrameworksBuildPhase;
			buildActionMask = 2147483647;
			files = (
			);
			runOnlyForDeploymentPostprocessing = 0;
		};
		3122A1282DFCA52800E14FA4 /* Frameworks */ = {
			isa = PBXFrameworksBuildPhase;
			buildActionMask = 2147483647;
			files = (
			);
			runOnlyForDeploymentPostprocessing = 0;
		};
/* End PBXFrameworksBuildPhase section */

/* Begin PBXGroup section */
		3122A0D92DFC9E4D00E14FA4 = {
			isa = PBXGroup;
			children = (
				31DF98702E1B05D7000A4926 /* ShopList-UnitTestPlan.xctestplan */,
				3122A1182DFCA4CC00E14FA4 /* UITestPlan.xctestplan */,
				3122A0E42DFC9E4E00E14FA4 /* ShopList */,
				3122A11F2DFCA51500E14FA4 /* ShopListTests */,
				3122A12C2DFCA52800E14FA4 /* ShopListUITests */,
				3122A0E32DFC9E4E00E14FA4 /* Products */,
			);
			sourceTree = "<group>";
		};
		3122A0E32DFC9E4E00E14FA4 /* Products */ = {
			isa = PBXGroup;
			children = (
				3122A0E22DFC9E4E00E14FA4 /* ShopList.app */,
				3122A11E2DFCA51500E14FA4 /* ShopListTests.xctest */,
				3122A12B2DFCA52800E14FA4 /* ShopListUITests.xctest */,
			);
			name = Products;
			sourceTree = "<group>";
		};
/* End PBXGroup section */

/* Begin PBXNativeTarget section */
		3122A0E12DFC9E4D00E14FA4 /* ShopList */ = {
			isa = PBXNativeTarget;
			buildConfigurationList = 3122A0ED2DFC9E4E00E14FA4 /* Build configuration list for PBXNativeTarget "ShopList" */;
			buildPhases = (
				3122A0DE2DFC9E4D00E14FA4 /* Sources */,
				3122A0DF2DFC9E4D00E14FA4 /* Frameworks */,
				3122A0E02DFC9E4D00E14FA4 /* Resources */,
			);
			buildRules = (
			);
			dependencies = (
			);
			fileSystemSynchronizedGroups = (
				3122A0E42DFC9E4E00E14FA4 /* ShopList */,
			);
			name = ShopList;
			packageProductDependencies = (
			);
			productName = ShopList;
			productReference = 3122A0E22DFC9E4E00E14FA4 /* ShopList.app */;
			productType = "com.apple.product-type.application";
		};
		3122A11D2DFCA51500E14FA4 /* ShopListTests */ = {
			isa = PBXNativeTarget;
			buildConfigurationList = 3122A1242DFCA51500E14FA4 /* Build configuration list for PBXNativeTarget "ShopListTests" */;
			buildPhases = (
				3122A11A2DFCA51500E14FA4 /* Sources */,
				3122A11B2DFCA51500E14FA4 /* Frameworks */,
				3122A11C2DFCA51500E14FA4 /* Resources */,
			);
			buildRules = (
			);
			dependencies = (
				3122A1232DFCA51500E14FA4 /* PBXTargetDependency */,
			);
			fileSystemSynchronizedGroups = (
				3122A11F2DFCA51500E14FA4 /* ShopListTests */,
			);
			name = ShopListTests;
			packageProductDependencies = (
			);
			productName = ShopListTests;
			productReference = 3122A11E2DFCA51500E14FA4 /* ShopListTests.xctest */;
			productType = "com.apple.product-type.bundle.unit-test";
		};
		3122A12A2DFCA52800E14FA4 /* ShopListUITests */ = {
			isa = PBXNativeTarget;
			buildConfigurationList = 3122A1332DFCA52800E14FA4 /* Build configuration list for PBXNativeTarget "ShopListUITests" */;
			buildPhases = (
				3122A1272DFCA52800E14FA4 /* Sources */,
				3122A1282DFCA52800E14FA4 /* Frameworks */,
				3122A1292DFCA52800E14FA4 /* Resources */,
			);
			buildRules = (
			);
			dependencies = (
				3122A1322DFCA52800E14FA4 /* PBXTargetDependency */,
			);
			fileSystemSynchronizedGroups = (
				3122A12C2DFCA52800E14FA4 /* ShopListUITests */,
			);
			name = ShopListUITests;
			packageProductDependencies = (
			);
			productName = ShopListUITests;
			productReference = 3122A12B2DFCA52800E14FA4 /* ShopListUITests.xctest */;
			productType = "com.apple.product-type.bundle.ui-testing";
		};
/* End PBXNativeTarget section */

/* Begin PBXProject section */
		3122A0DA2DFC9E4D00E14FA4 /* Project object */ = {
			isa = PBXProject;
			attributes = {
				BuildIndependentTargetsInParallel = 1;
				LastSwiftUpdateCheck = 1640;
				LastUpgradeCheck = 1640;
				TargetAttributes = {
					3122A0E12DFC9E4D00E14FA4 = {
						CreatedOnToolsVersion = 16.4;
					};
					3122A11D2DFCA51500E14FA4 = {
						CreatedOnToolsVersion = 16.4;
						TestTargetID = 3122A0E12DFC9E4D00E14FA4;
					};
					3122A12A2DFCA52800E14FA4 = {
						CreatedOnToolsVersion = 16.4;
						TestTargetID = 3122A0E12DFC9E4D00E14FA4;
					};
				};
			};
			buildConfigurationList = 3122A0DD2DFC9E4D00E14FA4 /* Build configuration list for PBXProject "ShopList" */;
			developmentRegion = en;
			hasScannedForEncodings = 0;
			knownRegions = (
				en,
				Base,
			);
			mainGroup = 3122A0D92DFC9E4D00E14FA4;
			minimizedProjectReferenceProxies = 1;
			preferredProjectObjectVersion = 77;
			productRefGroup = 3122A0E32DFC9E4E00E14FA4 /* Products */;
			projectDirPath = "";
			projectRoot = "";
			targets = (
				3122A0E12DFC9E4D00E14FA4 /* ShopList */,
				3122A11D2DFCA51500E14FA4 /* ShopListTests */,
				3122A12A2DFCA52800E14FA4 /* ShopListUITests */,
			);
		};
/* End PBXProject section */

/* Begin PBXResourcesBuildPhase section */
		3122A0E02DFC9E4D00E14FA4 /* Resources */ = {
			isa = PBXResourcesBuildPhase;
			buildActionMask = 2147483647;
			files = (
				3122A1192DFCA4CC00E14FA4 /* UITestPlan.xctestplan in Resources */,
				31DF98712E1B05D7000A4926 /* ShopList-UnitTestPlan.xctestplan in Resources */,
			);
			runOnlyForDeploymentPostprocessing = 0;
		};
		3122A11C2DFCA51500E14FA4 /* Resources */ = {
			isa = PBXResourcesBuildPhase;
			buildActionMask = 2147483647;
			files = (
			);
			runOnlyForDeploymentPostprocessing = 0;
		};
		3122A1292DFCA52800E14FA4 /* Resources */ = {
			isa = PBXResourcesBuildPhase;
			buildActionMask = 2147483647;
			files = (
			);
			runOnlyForDeploymentPostprocessing = 0;
		};
/* End PBXResourcesBuildPhase section */

/* Begin PBXSourcesBuildPhase section */
		3122A0DE2DFC9E4D00E14FA4 /* Sources */ = {
			isa = PBXSourcesBuildPhase;
			buildActionMask = 2147483647;
			files = (
			);
			runOnlyForDeploymentPostprocessing = 0;
		};
		3122A11A2DFCA51500E14FA4 /* Sources */ = {
			isa = PBXSourcesBuildPhase;
			buildActionMask = 2147483647;
			files = (
			);
			runOnlyForDeploymentPostprocessing = 0;
		};
		3122A1272DFCA52800E14FA4 /* Sources */ = {
			isa = PBXSourcesBuildPhase;
			buildActionMask = 2147483647;
			files = (
			);
			runOnlyForDeploymentPostprocessing = 0;
		};
/* End PBXSourcesBuildPhase section */

/* Begin PBXTargetDependency section */
		3122A1232DFCA51500E14FA4 /* PBXTargetDependency */ = {
			isa = PBXTargetDependency;
			target = 3122A0E12DFC9E4D00E14FA4 /* ShopList */;
			targetProxy = 3122A1222DFCA51500E14FA4 /* PBXContainerItemProxy */;
		};
		3122A1322DFCA52800E14FA4 /* PBXTargetDependency */ = {
			isa = PBXTargetDependency;
			target = 3122A0E12DFC9E4D00E14FA4 /* ShopList */;
			targetProxy = 3122A1312DFCA52800E14FA4 /* PBXContainerItemProxy */;
		};
/* End PBXTargetDependency section */

/* Begin XCBuildConfiguration section */
		3122A0EB2DFC9E4E00E14FA4 /* Debug */ = {
			isa = XCBuildConfiguration;
			buildSettings = {
				ALWAYS_SEARCH_USER_PATHS = NO;
				ASSETCATALOG_COMPILER_GENERATE_SWIFT_ASSET_SYMBOL_EXTENSIONS = YES;
				CLANG_ANALYZER_NONNULL = YES;
				CLANG_ANALYZER_NUMBER_OBJECT_CONVERSION = YES_AGGRESSIVE;
				CLANG_CXX_LANGUAGE_STANDARD = "gnu++20";
				CLANG_ENABLE_MODULES = YES;
				CLANG_ENABLE_OBJC_ARC = YES;
				CLANG_ENABLE_OBJC_WEAK = YES;
				CLANG_WARN_BLOCK_CAPTURE_AUTORELEASING = YES;
				CLANG_WARN_BOOL_CONVERSION = YES;
				CLANG_WARN_COMMA = YES;
				CLANG_WARN_CONSTANT_CONVERSION = YES;
				CLANG_WARN_DEPRECATED_OBJC_IMPLEMENTATIONS = YES;
				CLANG_WARN_DIRECT_OBJC_ISA_USAGE = YES_ERROR;
				CLANG_WARN_DOCUMENTATION_COMMENTS = YES;
				CLANG_WARN_EMPTY_BODY = YES;
				CLANG_WARN_ENUM_CONVERSION = YES;
				CLANG_WARN_INFINITE_RECURSION = YES;
				CLANG_WARN_INT_CONVERSION = YES;
				CLANG_WARN_NON_LITERAL_NULL_CONVERSION = YES;
				CLANG_WARN_OBJC_IMPLICIT_RETAIN_SELF = YES;
				CLANG_WARN_OBJC_LITERAL_CONVERSION = YES;
				CLANG_WARN_OBJC_ROOT_CLASS = YES_ERROR;
				CLANG_WARN_QUOTED_INCLUDE_IN_FRAMEWORK_HEADER = YES;
				CLANG_WARN_RANGE_LOOP_ANALYSIS = YES;
				CLANG_WARN_STRICT_PROTOTYPES = YES;
				CLANG_WARN_SUSPICIOUS_MOVE = YES;
				CLANG_WARN_UNGUARDED_AVAILABILITY = YES_AGGRESSIVE;
				CLANG_WARN_UNREACHABLE_CODE = YES;
				CLANG_WARN__DUPLICATE_METHOD_MATCH = YES;
				COPY_PHASE_STRIP = NO;
				DEBUG_INFORMATION_FORMAT = dwarf;
				DEVELOPMENT_TEAM = 7RHW89VZF4;
				ENABLE_STRICT_OBJC_MSGSEND = YES;
				ENABLE_TESTABILITY = YES;
				ENABLE_USER_SCRIPT_SANDBOXING = YES;
				GCC_C_LANGUAGE_STANDARD = gnu17;
				GCC_DYNAMIC_NO_PIC = NO;
				GCC_NO_COMMON_BLOCKS = YES;
				GCC_OPTIMIZATION_LEVEL = 0;
				GCC_PREPROCESSOR_DEFINITIONS = (
					"DEBUG=1",
					"$(inherited)",
				);
				GCC_WARN_64_TO_32_BIT_CONVERSION = YES;
				GCC_WARN_ABOUT_RETURN_TYPE = YES_ERROR;
				GCC_WARN_UNDECLARED_SELECTOR = YES;
				GCC_WARN_UNINITIALIZED_AUTOS = YES_AGGRESSIVE;
				GCC_WARN_UNUSED_FUNCTION = YES;
				GCC_WARN_UNUSED_VARIABLE = YES;
				IPHONEOS_DEPLOYMENT_TARGET = 18.5;
				LOCALIZATION_PREFERS_STRING_CATALOGS = YES;
				MTL_ENABLE_DEBUG_INFO = INCLUDE_SOURCE;
				MTL_FAST_MATH = YES;
				ONLY_ACTIVE_ARCH = YES;
				SDKROOT = iphoneos;
				SWIFT_ACTIVE_COMPILATION_CONDITIONS = "DEBUG $(inherited)";
				SWIFT_OPTIMIZATION_LEVEL = "-Onone";
			};
			name = Debug;
		};
		3122A0EC2DFC9E4E00E14FA4 /* Release */ = {
			isa = XCBuildConfiguration;
			buildSettings = {
				ALWAYS_SEARCH_USER_PATHS = NO;
				ASSETCATALOG_COMPILER_GENERATE_SWIFT_ASSET_SYMBOL_EXTENSIONS = YES;
				CLANG_ANALYZER_NONNULL = YES;
				CLANG_ANALYZER_NUMBER_OBJECT_CONVERSION = YES_AGGRESSIVE;
				CLANG_CXX_LANGUAGE_STANDARD = "gnu++20";
				CLANG_ENABLE_MODULES = YES;
				CLANG_ENABLE_OBJC_ARC = YES;
				CLANG_ENABLE_OBJC_WEAK = YES;
				CLANG_WARN_BLOCK_CAPTURE_AUTORELEASING = YES;
				CLANG_WARN_BOOL_CONVERSION = YES;
				CLANG_WARN_COMMA = YES;
				CLANG_WARN_CONSTANT_CONVERSION = YES;
				CLANG_WARN_DEPRECATED_OBJC_IMPLEMENTATIONS = YES;
				CLANG_WARN_DIRECT_OBJC_ISA_USAGE = YES_ERROR;
				CLANG_WARN_DOCUMENTATION_COMMENTS = YES;
				CLANG_WARN_EMPTY_BODY = YES;
				CLANG_WARN_ENUM_CONVERSION = YES;
				CLANG_WARN_INFINITE_RECURSION = YES;
				CLANG_WARN_INT_CONVERSION = YES;
				CLANG_WARN_NON_LITERAL_NULL_CONVERSION = YES;
				CLANG_WARN_OBJC_IMPLICIT_RETAIN_SELF = YES;
				CLANG_WARN_OBJC_LITERAL_CONVERSION = YES;
				CLANG_WARN_OBJC_ROOT_CLASS = YES_ERROR;
				CLANG_WARN_QUOTED_INCLUDE_IN_FRAMEWORK_HEADER = YES;
				CLANG_WARN_RANGE_LOOP_ANALYSIS = YES;
				CLANG_WARN_STRICT_PROTOTYPES = YES;
				CLANG_WARN_SUSPICIOUS_MOVE = YES;
				CLANG_WARN_UNGUARDED_AVAILABILITY = YES_AGGRESSIVE;
				CLANG_WARN_UNREACHABLE_CODE = YES;
				CLANG_WARN__DUPLICATE_METHOD_MATCH = YES;
				COPY_PHASE_STRIP = NO;
				DEBUG_INFORMATION_FORMAT = "dwarf-with-dsym";
				DEVELOPMENT_TEAM = 7RHW89VZF4;
				ENABLE_NS_ASSERTIONS = NO;
				ENABLE_STRICT_OBJC_MSGSEND = YES;
				ENABLE_USER_SCRIPT_SANDBOXING = YES;
				GCC_C_LANGUAGE_STANDARD = gnu17;
				GCC_NO_COMMON_BLOCKS = YES;
				GCC_WARN_64_TO_32_BIT_CONVERSION = YES;
				GCC_WARN_ABOUT_RETURN_TYPE = YES_ERROR;
				GCC_WARN_UNDECLARED_SELECTOR = YES;
				GCC_WARN_UNINITIALIZED_AUTOS = YES_AGGRESSIVE;
				GCC_WARN_UNUSED_FUNCTION = YES;
				GCC_WARN_UNUSED_VARIABLE = YES;
				IPHONEOS_DEPLOYMENT_TARGET = 18.5;
				LOCALIZATION_PREFERS_STRING_CATALOGS = YES;
				MTL_ENABLE_DEBUG_INFO = NO;
				MTL_FAST_MATH = YES;
				SDKROOT = iphoneos;
				SWIFT_COMPILATION_MODE = wholemodule;
				VALIDATE_PRODUCT = YES;
			};
			name = Release;
		};
		3122A0EE2DFC9E4E00E14FA4 /* Debug */ = {
			isa = XCBuildConfiguration;
			buildSettings = {
				ASSETCATALOG_COMPILER_APPICON_NAME = AppIcon;
				ASSETCATALOG_COMPILER_GLOBAL_ACCENT_COLOR_NAME = AccentColor;
				CODE_SIGN_STYLE = Automatic;
				CURRENT_PROJECT_VERSION = 1;
				DEVELOPMENT_TEAM = 7RHW89VZF4;
				ENABLE_PREVIEWS = YES;
				GENERATE_INFOPLIST_FILE = YES;
				INFOPLIST_FILE = "";
				INFOPLIST_KEY_NSCameraUsageDescription = "Require access to camera to take photos of items for shopping list.";
				INFOPLIST_KEY_NSLocationAlwaysAndWhenInUseUsageDescription = "This app uses location to provide shopping reminders when you're near stores, even when the app is in the background.";
				INFOPLIST_KEY_NSLocationAlwaysUsageDescription = "This app needs your location to provide location-based reminders even in the background.";
				INFOPLIST_KEY_NSLocationWhenInUseUsageDescription = "This app uses location to provide shopping reminders when you're near stores.";
				INFOPLIST_KEY_NSPhotoLibraryUsageDescription = "Require access to photo library to select images for shopping list items.";
				INFOPLIST_KEY_UIApplicationSceneManifest_Generation = YES;
				INFOPLIST_KEY_UIApplicationSupportsIndirectInputEvents = YES;
				INFOPLIST_KEY_UILaunchScreen_Generation = YES;
				INFOPLIST_KEY_UISupportedInterfaceOrientations_iPad = "UIInterfaceOrientationPortrait UIInterfaceOrientationPortraitUpsideDown UIInterfaceOrientationLandscapeLeft UIInterfaceOrientationLandscapeRight";
				INFOPLIST_KEY_UISupportedInterfaceOrientations_iPhone = "UIInterfaceOrientationPortrait UIInterfaceOrientationLandscapeLeft UIInterfaceOrientationLandscapeRight";
				LD_RUNPATH_SEARCH_PATHS = (
					"$(inherited)",
					"@executable_path/Frameworks",
				);
				MARKETING_VERSION = 1.0;
				NEW_SETTING = "";
				NEW_SETTING1 = "";
				PRODUCT_BUNDLE_IDENTIFIER = com.ankitapps.ShopList;
				PRODUCT_NAME = "$(TARGET_NAME)";
				SWIFT_EMIT_LOC_STRINGS = YES;
				SWIFT_VERSION = 5.0;
				TARGETED_DEVICE_FAMILY = "1,2";
			};
			name = Debug;
		};
		3122A0EF2DFC9E4E00E14FA4 /* Release */ = {
			isa = XCBuildConfiguration;
			buildSettings = {
				ASSETCATALOG_COMPILER_APPICON_NAME = AppIcon;
				ASSETCATALOG_COMPILER_GLOBAL_ACCENT_COLOR_NAME = AccentColor;
				CODE_SIGN_STYLE = Automatic;
				CURRENT_PROJECT_VERSION = 1;
				DEVELOPMENT_TEAM = 7RHW89VZF4;
				ENABLE_PREVIEWS = YES;
				GENERATE_INFOPLIST_FILE = YES;
				INFOPLIST_FILE = "";
				INFOPLIST_KEY_NSCameraUsageDescription = "Require access to camera to take photos of items for shopping list.";
				INFOPLIST_KEY_NSLocationAlwaysAndWhenInUseUsageDescription = "This app uses location to provide shopping reminders when you're near stores, even when the app is in the background.";
				INFOPLIST_KEY_NSLocationAlwaysUsageDescription = "This app needs your location to provide location-based reminders even in the background.";
				INFOPLIST_KEY_NSLocationWhenInUseUsageDescription = "This app uses location to provide shopping reminders when you're near stores.";
				INFOPLIST_KEY_NSPhotoLibraryUsageDescription = "Require access to photo library to select images for shopping list items.";
				INFOPLIST_KEY_UIApplicationSceneManifest_Generation = YES;
				INFOPLIST_KEY_UIApplicationSupportsIndirectInputEvents = YES;
				INFOPLIST_KEY_UILaunchScreen_Generation = YES;
				INFOPLIST_KEY_UISupportedInterfaceOrientations_iPad = "UIInterfaceOrientationPortrait UIInterfaceOrientationPortraitUpsideDown UIInterfaceOrientationLandscapeLeft UIInterfaceOrientationLandscapeRight";
				INFOPLIST_KEY_UISupportedInterfaceOrientations_iPhone = "UIInterfaceOrientationPortrait UIInterfaceOrientationLandscapeLeft UIInterfaceOrientationLandscapeRight";
				LD_RUNPATH_SEARCH_PATHS = (
					"$(inherited)",
					"@executable_path/Frameworks",
				);
				MARKETING_VERSION = 1.0;
				NEW_SETTING = "";
				NEW_SETTING1 = "";
				PRODUCT_BUNDLE_IDENTIFIER = com.ankitapps.ShopList;
				PRODUCT_NAME = "$(TARGET_NAME)";
				SWIFT_EMIT_LOC_STRINGS = YES;
				SWIFT_VERSION = 5.0;
				TARGETED_DEVICE_FAMILY = "1,2";
			};
			name = Release;
		};
		3122A1252DFCA51500E14FA4 /* Debug */ = {
			isa = XCBuildConfiguration;
			buildSettings = {
				BUNDLE_LOADER = "$(TEST_HOST)";
				CODE_SIGN_STYLE = Automatic;
				CURRENT_PROJECT_VERSION = 1;
				DEVELOPMENT_TEAM = 7RHW89VZF4;
				GENERATE_INFOPLIST_FILE = YES;
				IPHONEOS_DEPLOYMENT_TARGET = 18.5;
				MACOSX_DEPLOYMENT_TARGET = 15.5;
				MARKETING_VERSION = 1.0;
				PRODUCT_BUNDLE_IDENTIFIER = com.ankitapps.ShopListTests;
				PRODUCT_NAME = "$(TARGET_NAME)";
				SDKROOT = auto;
				SUPPORTED_PLATFORMS = "iphoneos iphonesimulator macosx xros xrsimulator";
				SWIFT_EMIT_LOC_STRINGS = NO;
				SWIFT_VERSION = 5.0;
				TARGETED_DEVICE_FAMILY = "1,2,7";
				TEST_HOST = "$(BUILT_PRODUCTS_DIR)/ShopList.app/$(BUNDLE_EXECUTABLE_FOLDER_PATH)/ShopList";
				XROS_DEPLOYMENT_TARGET = 2.5;
			};
			name = Debug;
		};
		3122A1262DFCA51500E14FA4 /* Release */ = {
			isa = XCBuildConfiguration;
			buildSettings = {
				BUNDLE_LOADER = "$(TEST_HOST)";
				CODE_SIGN_STYLE = Automatic;
				CURRENT_PROJECT_VERSION = 1;
				DEVELOPMENT_TEAM = 7RHW89VZF4;
				GENERATE_INFOPLIST_FILE = YES;
				IPHONEOS_DEPLOYMENT_TARGET = 18.5;
				MACOSX_DEPLOYMENT_TARGET = 15.5;
				MARKETING_VERSION = 1.0;
				PRODUCT_BUNDLE_IDENTIFIER = com.ankitapps.ShopListTests;
				PRODUCT_NAME = "$(TARGET_NAME)";
				SDKROOT = auto;
				SUPPORTED_PLATFORMS = "iphoneos iphonesimulator macosx xros xrsimulator";
				SWIFT_EMIT_LOC_STRINGS = NO;
				SWIFT_VERSION = 5.0;
				TARGETED_DEVICE_FAMILY = "1,2,7";
				TEST_HOST = "$(BUILT_PRODUCTS_DIR)/ShopList.app/$(BUNDLE_EXECUTABLE_FOLDER_PATH)/ShopList";
				XROS_DEPLOYMENT_TARGET = 2.5;
			};
			name = Release;
		};
		3122A1342DFCA52800E14FA4 /* Debug */ = {
			isa = XCBuildConfiguration;
			buildSettings = {
				CODE_SIGN_STYLE = Automatic;
				CURRENT_PROJECT_VERSION = 1;
				DEVELOPMENT_TEAM = 7RHW89VZF4;
				GENERATE_INFOPLIST_FILE = YES;
				IPHONEOS_DEPLOYMENT_TARGET = 18.5;
				MACOSX_DEPLOYMENT_TARGET = 15.5;
				MARKETING_VERSION = 1.0;
				PRODUCT_BUNDLE_IDENTIFIER = com.ankitapps.ShopListUITests;
				PRODUCT_NAME = "$(TARGET_NAME)";
				SDKROOT = auto;
				SUPPORTED_PLATFORMS = "iphoneos iphonesimulator macosx xros xrsimulator";
				SWIFT_EMIT_LOC_STRINGS = NO;
				SWIFT_VERSION = 5.0;
				TARGETED_DEVICE_FAMILY = "1,2,7";
				TEST_TARGET_NAME = ShopList;
				XROS_DEPLOYMENT_TARGET = 2.5;
			};
			name = Debug;
		};
		3122A1352DFCA52800E14FA4 /* Release */ = {
			isa = XCBuildConfiguration;
			buildSettings = {
				CODE_SIGN_STYLE = Automatic;
				CURRENT_PROJECT_VERSION = 1;
				DEVELOPMENT_TEAM = 7RHW89VZF4;
				GENERATE_INFOPLIST_FILE = YES;
				IPHONEOS_DEPLOYMENT_TARGET = 18.5;
				MACOSX_DEPLOYMENT_TARGET = 15.5;
				MARKETING_VERSION = 1.0;
				PRODUCT_BUNDLE_IDENTIFIER = com.ankitapps.ShopListUITests;
				PRODUCT_NAME = "$(TARGET_NAME)";
				SDKROOT = auto;
				SUPPORTED_PLATFORMS = "iphoneos iphonesimulator macosx xros xrsimulator";
				SWIFT_EMIT_LOC_STRINGS = NO;
				SWIFT_VERSION = 5.0;
				TARGETED_DEVICE_FAMILY = "1,2,7";
				TEST_TARGET_NAME = ShopList;
				XROS_DEPLOYMENT_TARGET = 2.5;
			};
			name = Release;
		};
/* End XCBuildConfiguration section */

/* Begin XCConfigurationList section */
		3122A0DD2DFC9E4D00E14FA4 /* Build configuration list for PBXProject "ShopList" */ = {
			isa = XCConfigurationList;
			buildConfigurations = (
				3122A0EB2DFC9E4E00E14FA4 /* Debug */,
				3122A0EC2DFC9E4E00E14FA4 /* Release */,
			);
			defaultConfigurationIsVisible = 0;
			defaultConfigurationName = Release;
		};
		3122A0ED2DFC9E4E00E14FA4 /* Build configuration list for PBXNativeTarget "ShopList" */ = {
			isa = XCConfigurationList;
			buildConfigurations = (
				3122A0EE2DFC9E4E00E14FA4 /* Debug */,
				3122A0EF2DFC9E4E00E14FA4 /* Release */,
			);
			defaultConfigurationIsVisible = 0;
			defaultConfigurationName = Release;
		};
		3122A1242DFCA51500E14FA4 /* Build configuration list for PBXNativeTarget "ShopListTests" */ = {
			isa = XCConfigurationList;
			buildConfigurations = (
				3122A1252DFCA51500E14FA4 /* Debug */,
				3122A1262DFCA51500E14FA4 /* Release */,
			);
			defaultConfigurationIsVisible = 0;
			defaultConfigurationName = Release;
		};
		3122A1332DFCA52800E14FA4 /* Build configuration list for PBXNativeTarget "ShopListUITests" */ = {
			isa = XCConfigurationList;
			buildConfigurations = (
				3122A1342DFCA52800E14FA4 /* Debug */,
				3122A1352DFCA52800E14FA4 /* Release */,
			);
			defaultConfigurationIsVisible = 0;
			defaultConfigurationName = Release;
		};
/* End XCConfigurationList section */
	};
	rootObject = 3122A0DA2DFC9E4D00E14FA4 /* Project object */;
}
